// !$*UTF8*$!
{
	archiveVersion = 1;
	classes = {
	};
	objectVersion = 50;
	objects = {

/* Begin PBXBuildFile section */
		930EA460251AA18700D84107 /* AppDelegate.swift in Sources */ = {isa = PBXBuildFile; fileRef = 930EA45F251AA18700D84107 /* AppDelegate.swift */; };
		930EA462251AA18700D84107 /* SceneDelegate.swift in Sources */ = {isa = PBXBuildFile; fileRef = 930EA461251AA18700D84107 /* SceneDelegate.swift */; };
		930EA464251AA18700D84107 /* ViewController.swift in Sources */ = {isa = PBXBuildFile; fileRef = 930EA463251AA18700D84107 /* ViewController.swift */; };
		930EA467251AA18700D84107 /* Main.storyboard in Resources */ = {isa = PBXBuildFile; fileRef = 930EA465251AA18700D84107 /* Main.storyboard */; };
		930EA469251AA18A00D84107 /* Assets.xcassets in Resources */ = {isa = PBXBuildFile; fileRef = 930EA468251AA18A00D84107 /* Assets.xcassets */; };
		930EA46C251AA18A00D84107 /* LaunchScreen.storyboard in Resources */ = {isa = PBXBuildFile; fileRef = 930EA46A251AA18A00D84107 /* LaunchScreen.storyboard */; };
		930EA477251AA18A00D84107 /* UdderTests.swift in Sources */ = {isa = PBXBuildFile; fileRef = 930EA476251AA18A00D84107 /* UdderTests.swift */; };
		930EA482251AA18A00D84107 /* UdderUITests.swift in Sources */ = {isa = PBXBuildFile; fileRef = 930EA481251AA18A00D84107 /* UdderUITests.swift */; };
/* End PBXBuildFile section */

/* Begin PBXContainerItemProxy section */
		930EA473251AA18A00D84107 /* PBXContainerItemProxy */ = {
			isa = PBXContainerItemProxy;
			containerPortal = 930EA454251AA18700D84107 /* Project object */;
			proxyType = 1;
			remoteGlobalIDString = 930EA45B251AA18700D84107;
			remoteInfo = Udder;
		};
		930EA47E251AA18A00D84107 /* PBXContainerItemProxy */ = {
			isa = PBXContainerItemProxy;
			containerPortal = 930EA454251AA18700D84107 /* Project object */;
			proxyType = 1;
			remoteGlobalIDString = 930EA45B251AA18700D84107;
			remoteInfo = Udder;
		};
/* End PBXContainerItemProxy section */

/* Begin PBXFileReference section */
		930EA45C251AA18700D84107 /* Udder.app */ = {isa = PBXFileReference; explicitFileType = wrapper.application; includeInIndex = 0; path = Udder.app; sourceTree = BUILT_PRODUCTS_DIR; };
		930EA45F251AA18700D84107 /* AppDelegate.swift */ = {isa = PBXFileReference; lastKnownFileType = sourcecode.swift; path = AppDelegate.swift; sourceTree = "<group>"; };
		930EA461251AA18700D84107 /* SceneDelegate.swift */ = {isa = PBXFileReference; lastKnownFileType = sourcecode.swift; path = SceneDelegate.swift; sourceTree = "<group>"; };
		930EA463251AA18700D84107 /* ViewController.swift */ = {isa = PBXFileReference; lastKnownFileType = sourcecode.swift; path = ViewController.swift; sourceTree = "<group>"; };
		930EA466251AA18700D84107 /* Base */ = {isa = PBXFileReference; lastKnownFileType = file.storyboard; name = Base; path = Base.lproj/Main.storyboard; sourceTree = "<group>"; };
		930EA468251AA18A00D84107 /* Assets.xcassets */ = {isa = PBXFileReference; lastKnownFileType = folder.assetcatalog; path = Assets.xcassets; sourceTree = "<group>"; };
		930EA46B251AA18A00D84107 /* Base */ = {isa = PBXFileReference; lastKnownFileType = file.storyboard; name = Base; path = Base.lproj/LaunchScreen.storyboard; sourceTree = "<group>"; };
		930EA46D251AA18A00D84107 /* Info.plist */ = {isa = PBXFileReference; lastKnownFileType = text.plist.xml; path = Info.plist; sourceTree = "<group>"; };
		930EA472251AA18A00D84107 /* UdderTests.xctest */ = {isa = PBXFileReference; explicitFileType = wrapper.cfbundle; includeInIndex = 0; path = UdderTests.xctest; sourceTree = BUILT_PRODUCTS_DIR; };
		930EA476251AA18A00D84107 /* UdderTests.swift */ = {isa = PBXFileReference; lastKnownFileType = sourcecode.swift; path = UdderTests.swift; sourceTree = "<group>"; };
		930EA478251AA18A00D84107 /* Info.plist */ = {isa = PBXFileReference; lastKnownFileType = text.plist.xml; path = Info.plist; sourceTree = "<group>"; };
		930EA47D251AA18A00D84107 /* UdderUITests.xctest */ = {isa = PBXFileReference; explicitFileType = wrapper.cfbundle; includeInIndex = 0; path = UdderUITests.xctest; sourceTree = BUILT_PRODUCTS_DIR; };
		930EA481251AA18A00D84107 /* UdderUITests.swift */ = {isa = PBXFileReference; lastKnownFileType = sourcecode.swift; path = UdderUITests.swift; sourceTree = "<group>"; };
		930EA483251AA18A00D84107 /* Info.plist */ = {isa = PBXFileReference; lastKnownFileType = text.plist.xml; path = Info.plist; sourceTree = "<group>"; };
/* End PBXFileReference section */

/* Begin PBXFrameworksBuildPhase section */
		930EA459251AA18700D84107 /* Frameworks */ = {
			isa = PBXFrameworksBuildPhase;
			buildActionMask = 2147483647;
			files = (
			);
			runOnlyForDeploymentPostprocessing = 0;
		};
		930EA46F251AA18A00D84107 /* Frameworks */ = {
			isa = PBXFrameworksBuildPhase;
			buildActionMask = 2147483647;
			files = (
			);
			runOnlyForDeploymentPostprocessing = 0;
		};
		930EA47A251AA18A00D84107 /* Frameworks */ = {
			isa = PBXFrameworksBuildPhase;
			buildActionMask = 2147483647;
			files = (
			);
			runOnlyForDeploymentPostprocessing = 0;
		};
/* End PBXFrameworksBuildPhase section */

/* Begin PBXGroup section */
		930EA453251AA18700D84107 = {
			isa = PBXGroup;
			children = (
				930EA45E251AA18700D84107 /* Udder */,
				930EA475251AA18A00D84107 /* UdderTests */,
				930EA480251AA18A00D84107 /* UdderUITests */,
				930EA45D251AA18700D84107 /* Products */,
			);
			sourceTree = "<group>";
		};
		930EA45D251AA18700D84107 /* Products */ = {
			isa = PBXGroup;
			children = (
				930EA45C251AA18700D84107 /* Udder.app */,
				930EA472251AA18A00D84107 /* UdderTests.xctest */,
				930EA47D251AA18A00D84107 /* UdderUITests.xctest */,
			);
			name = Products;
			sourceTree = "<group>";
		};
		930EA45E251AA18700D84107 /* Udder */ = {
			isa = PBXGroup;
			children = (
				930EA45F251AA18700D84107 /* AppDelegate.swift */,
				930EA461251AA18700D84107 /* SceneDelegate.swift */,
				930EA463251AA18700D84107 /* ViewController.swift */,
				930EA465251AA18700D84107 /* Main.storyboard */,
				930EA468251AA18A00D84107 /* Assets.xcassets */,
				930EA46A251AA18A00D84107 /* LaunchScreen.storyboard */,
				930EA46D251AA18A00D84107 /* Info.plist */,
			);
			path = Udder;
			sourceTree = "<group>";
		};
		930EA475251AA18A00D84107 /* UdderTests */ = {
			isa = PBXGroup;
			children = (
				930EA476251AA18A00D84107 /* UdderTests.swift */,
				930EA478251AA18A00D84107 /* Info.plist */,
			);
			path = UdderTests;
			sourceTree = "<group>";
		};
		930EA480251AA18A00D84107 /* UdderUITests */ = {
			isa = PBXGroup;
			children = (
				930EA481251AA18A00D84107 /* UdderUITests.swift */,
				930EA483251AA18A00D84107 /* Info.plist */,
			);
			path = UdderUITests;
			sourceTree = "<group>";
		};
/* End PBXGroup section */

/* Begin PBXNativeTarget section */
		930EA45B251AA18700D84107 /* Udder */ = {
			isa = PBXNativeTarget;
			buildConfigurationList = 930EA486251AA18A00D84107 /* Build configuration list for PBXNativeTarget "Udder" */;
			buildPhases = (
				930EA458251AA18700D84107 /* Sources */,
				930EA459251AA18700D84107 /* Frameworks */,
				930EA45A251AA18700D84107 /* Resources */,
			);
			buildRules = (
			);
			dependencies = (
			);
			name = Udder;
			productName = Udder;
			productReference = 930EA45C251AA18700D84107 /* Udder.app */;
			productType = "com.apple.product-type.application";
		};
		930EA471251AA18A00D84107 /* UdderTests */ = {
			isa = PBXNativeTarget;
			buildConfigurationList = 930EA489251AA18A00D84107 /* Build configuration list for PBXNativeTarget "UdderTests" */;
			buildPhases = (
				930EA46E251AA18A00D84107 /* Sources */,
				930EA46F251AA18A00D84107 /* Frameworks */,
				930EA470251AA18A00D84107 /* Resources */,
			);
			buildRules = (
			);
			dependencies = (
				930EA474251AA18A00D84107 /* PBXTargetDependency */,
			);
			name = UdderTests;
			productName = UdderTests;
			productReference = 930EA472251AA18A00D84107 /* UdderTests.xctest */;
			productType = "com.apple.product-type.bundle.unit-test";
		};
		930EA47C251AA18A00D84107 /* UdderUITests */ = {
			isa = PBXNativeTarget;
			buildConfigurationList = 930EA48C251AA18A00D84107 /* Build configuration list for PBXNativeTarget "UdderUITests" */;
			buildPhases = (
				930EA479251AA18A00D84107 /* Sources */,
				930EA47A251AA18A00D84107 /* Frameworks */,
				930EA47B251AA18A00D84107 /* Resources */,
			);
			buildRules = (
			);
			dependencies = (
				930EA47F251AA18A00D84107 /* PBXTargetDependency */,
			);
			name = UdderUITests;
			productName = UdderUITests;
			productReference = 930EA47D251AA18A00D84107 /* UdderUITests.xctest */;
			productType = "com.apple.product-type.bundle.ui-testing";
		};
/* End PBXNativeTarget section */

/* Begin PBXProject section */
		930EA454251AA18700D84107 /* Project object */ = {
			isa = PBXProject;
			attributes = {
				LastSwiftUpdateCheck = 1200;
				LastUpgradeCheck = 1200;
				TargetAttributes = {
					930EA45B251AA18700D84107 = {
						CreatedOnToolsVersion = 12.0;
					};
					930EA471251AA18A00D84107 = {
						CreatedOnToolsVersion = 12.0;
						TestTargetID = 930EA45B251AA18700D84107;
					};
					930EA47C251AA18A00D84107 = {
						CreatedOnToolsVersion = 12.0;
						TestTargetID = 930EA45B251AA18700D84107;
					};
				};
			};
			buildConfigurationList = 930EA457251AA18700D84107 /* Build configuration list for PBXProject "Udder" */;
			compatibilityVersion = "Xcode 9.3";
			developmentRegion = en;
			hasScannedForEncodings = 0;
			knownRegions = (
				en,
				Base,
			);
			mainGroup = 930EA453251AA18700D84107;
			productRefGroup = 930EA45D251AA18700D84107 /* Products */;
			projectDirPath = "";
			projectRoot = "";
			targets = (
				930EA45B251AA18700D84107 /* Udder */,
				930EA471251AA18A00D84107 /* UdderTests */,
				930EA47C251AA18A00D84107 /* UdderUITests */,
			);
		};
/* End PBXProject section */

/* Begin PBXResourcesBuildPhase section */
		930EA45A251AA18700D84107 /* Resources */ = {
			isa = PBXResourcesBuildPhase;
			buildActionMask = 2147483647;
			files = (
				930EA46C251AA18A00D84107 /* LaunchScreen.storyboard in Resources */,
				930EA469251AA18A00D84107 /* Assets.xcassets in Resources */,
				930EA467251AA18700D84107 /* Main.storyboard in Resources */,
			);
			runOnlyForDeploymentPostprocessing = 0;
		};
		930EA470251AA18A00D84107 /* Resources */ = {
			isa = PBXResourcesBuildPhase;
			buildActionMask = 2147483647;
			files = (
			);
			runOnlyForDeploymentPostprocessing = 0;
		};
		930EA47B251AA18A00D84107 /* Resources */ = {
			isa = PBXResourcesBuildPhase;
			buildActionMask = 2147483647;
			files = (
			);
			runOnlyForDeploymentPostprocessing = 0;
		};
/* End PBXResourcesBuildPhase section */

/* Begin PBXSourcesBuildPhase section */
		930EA458251AA18700D84107 /* Sources */ = {
			isa = PBXSourcesBuildPhase;
			buildActionMask = 2147483647;
			files = (
				930EA464251AA18700D84107 /* ViewController.swift in Sources */,
				930EA460251AA18700D84107 /* AppDelegate.swift in Sources */,
				930EA462251AA18700D84107 /* SceneDelegate.swift in Sources */,
			);
			runOnlyForDeploymentPostprocessing = 0;
		};
		930EA46E251AA18A00D84107 /* Sources */ = {
			isa = PBXSourcesBuildPhase;
			buildActionMask = 2147483647;
			files = (
				930EA477251AA18A00D84107 /* UdderTests.swift in Sources */,
			);
			runOnlyForDeploymentPostprocessing = 0;
		};
		930EA479251AA18A00D84107 /* Sources */ = {
			isa = PBXSourcesBuildPhase;
			buildActionMask = 2147483647;
			files = (
				930EA482251AA18A00D84107 /* UdderUITests.swift in Sources */,
			);
			runOnlyForDeploymentPostprocessing = 0;
		};
/* End PBXSourcesBuildPhase section */

/* Begin PBXTargetDependency section */
		930EA474251AA18A00D84107 /* PBXTargetDependency */ = {
			isa = PBXTargetDependency;
			target = 930EA45B251AA18700D84107 /* Udder */;
			targetProxy = 930EA473251AA18A00D84107 /* PBXContainerItemProxy */;
		};
		930EA47F251AA18A00D84107 /* PBXTargetDependency */ = {
			isa = PBXTargetDependency;
			target = 930EA45B251AA18700D84107 /* Udder */;
			targetProxy = 930EA47E251AA18A00D84107 /* PBXContainerItemProxy */;
		};
/* End PBXTargetDependency section */

/* Begin PBXVariantGroup section */
		930EA465251AA18700D84107 /* Main.storyboard */ = {
			isa = PBXVariantGroup;
			children = (
				930EA466251AA18700D84107 /* Base */,
			);
			name = Main.storyboard;
			sourceTree = "<group>";
		};
		930EA46A251AA18A00D84107 /* LaunchScreen.storyboard */ = {
			isa = PBXVariantGroup;
			children = (
				930EA46B251AA18A00D84107 /* Base */,
			);
			name = LaunchScreen.storyboard;
			sourceTree = "<group>";
		};
/* End PBXVariantGroup section */

/* Begin XCBuildConfiguration section */
		930EA484251AA18A00D84107 /* Debug */ = {
			isa = XCBuildConfiguration;
			buildSettings = {
				ALWAYS_SEARCH_USER_PATHS = NO;
				CLANG_ANALYZER_NONNULL = YES;
				CLANG_ANALYZER_NUMBER_OBJECT_CONVERSION = YES_AGGRESSIVE;
				CLANG_CXX_LANGUAGE_STANDARD = "gnu++14";
				CLANG_CXX_LIBRARY = "libc++";
				CLANG_ENABLE_MODULES = YES;
				CLANG_ENABLE_OBJC_ARC = YES;
				CLANG_ENABLE_OBJC_WEAK = YES;
				CLANG_WARN_BLOCK_CAPTURE_AUTORELEASING = YES;
				CLANG_WARN_BOOL_CONVERSION = YES;
				CLANG_WARN_COMMA = YES;
				CLANG_WARN_CONSTANT_CONVERSION = YES;
				CLANG_WARN_DEPRECATED_OBJC_IMPLEMENTATIONS = YES;
				CLANG_WARN_DIRECT_OBJC_ISA_USAGE = YES_ERROR;
				CLANG_WARN_DOCUMENTATION_COMMENTS = YES;
				CLANG_WARN_EMPTY_BODY = YES;
				CLANG_WARN_ENUM_CONVERSION = YES;
				CLANG_WARN_INFINITE_RECURSION = YES;
				CLANG_WARN_INT_CONVERSION = YES;
				CLANG_WARN_NON_LITERAL_NULL_CONVERSION = YES;
				CLANG_WARN_OBJC_IMPLICIT_RETAIN_SELF = YES;
				CLANG_WARN_OBJC_LITERAL_CONVERSION = YES;
				CLANG_WARN_OBJC_ROOT_CLASS = YES_ERROR;
				CLANG_WARN_QUOTED_INCLUDE_IN_FRAMEWORK_HEADER = YES;
				CLANG_WARN_RANGE_LOOP_ANALYSIS = YES;
				CLANG_WARN_STRICT_PROTOTYPES = YES;
				CLANG_WARN_SUSPICIOUS_MOVE = YES;
				CLANG_WARN_UNGUARDED_AVAILABILITY = YES_AGGRESSIVE;
				CLANG_WARN_UNREACHABLE_CODE = YES;
				CLANG_WARN__DUPLICATE_METHOD_MATCH = YES;
				COPY_PHASE_STRIP = NO;
				DEBUG_INFORMATION_FORMAT = dwarf;
				ENABLE_STRICT_OBJC_MSGSEND = YES;
				ENABLE_TESTABILITY = YES;
				GCC_C_LANGUAGE_STANDARD = gnu11;
				GCC_DYNAMIC_NO_PIC = NO;
				GCC_NO_COMMON_BLOCKS = YES;
				GCC_OPTIMIZATION_LEVEL = 0;
				GCC_PREPROCESSOR_DEFINITIONS = (
					"DEBUG=1",
					"$(inherited)",
				);
				GCC_WARN_64_TO_32_BIT_CONVERSION = YES;
				GCC_WARN_ABOUT_RETURN_TYPE = YES_ERROR;
				GCC_WARN_UNDECLARED_SELECTOR = YES;
				GCC_WARN_UNINITIALIZED_AUTOS = YES_AGGRESSIVE;
				GCC_WARN_UNUSED_FUNCTION = YES;
				GCC_WARN_UNUSED_VARIABLE = YES;
				IPHONEOS_DEPLOYMENT_TARGET = 14.0;
				MTL_ENABLE_DEBUG_INFO = INCLUDE_SOURCE;
				MTL_FAST_MATH = YES;
				ONLY_ACTIVE_ARCH = YES;
				SDKROOT = iphoneos;
				SWIFT_ACTIVE_COMPILATION_CONDITIONS = DEBUG;
				SWIFT_OPTIMIZATION_LEVEL = "-Onone";
			};
			name = Debug;
		};
		930EA485251AA18A00D84107 /* Release */ = {
			isa = XCBuildConfiguration;
			buildSettings = {
				ALWAYS_SEARCH_USER_PATHS = NO;
				CLANG_ANALYZER_NONNULL = YES;
				CLANG_ANALYZER_NUMBER_OBJECT_CONVERSION = YES_AGGRESSIVE;
				CLANG_CXX_LANGUAGE_STANDARD = "gnu++14";
				CLANG_CXX_LIBRARY = "libc++";
				CLANG_ENABLE_MODULES = YES;
				CLANG_ENABLE_OBJC_ARC = YES;
				CLANG_ENABLE_OBJC_WEAK = YES;
				CLANG_WARN_BLOCK_CAPTURE_AUTORELEASING = YES;
				CLANG_WARN_BOOL_CONVERSION = YES;
				CLANG_WARN_COMMA = YES;
				CLANG_WARN_CONSTANT_CONVERSION = YES;
				CLANG_WARN_DEPRECATED_OBJC_IMPLEMENTATIONS = YES;
				CLANG_WARN_DIRECT_OBJC_ISA_USAGE = YES_ERROR;
				CLANG_WARN_DOCUMENTATION_COMMENTS = YES;
				CLANG_WARN_EMPTY_BODY = YES;
				CLANG_WARN_ENUM_CONVERSION = YES;
				CLANG_WARN_INFINITE_RECURSION = YES;
				CLANG_WARN_INT_CONVERSION = YES;
				CLANG_WARN_NON_LITERAL_NULL_CONVERSION = YES;
				CLANG_WARN_OBJC_IMPLICIT_RETAIN_SELF = YES;
				CLANG_WARN_OBJC_LITERAL_CONVERSION = YES;
				CLANG_WARN_OBJC_ROOT_CLASS = YES_ERROR;
				CLANG_WARN_QUOTED_INCLUDE_IN_FRAMEWORK_HEADER = YES;
				CLANG_WARN_RANGE_LOOP_ANALYSIS = YES;
				CLANG_WARN_STRICT_PROTOTYPES = YES;
				CLANG_WARN_SUSPICIOUS_MOVE = YES;
				CLANG_WARN_UNGUARDED_AVAILABILITY = YES_AGGRESSIVE;
				CLANG_WARN_UNREACHABLE_CODE = YES;
				CLANG_WARN__DUPLICATE_METHOD_MATCH = YES;
				COPY_PHASE_STRIP = NO;
				DEBUG_INFORMATION_FORMAT = "dwarf-with-dsym";
				ENABLE_NS_ASSERTIONS = NO;
				ENABLE_STRICT_OBJC_MSGSEND = YES;
				GCC_C_LANGUAGE_STANDARD = gnu11;
				GCC_NO_COMMON_BLOCKS = YES;
				GCC_WARN_64_TO_32_BIT_CONVERSION = YES;
				GCC_WARN_ABOUT_RETURN_TYPE = YES_ERROR;
				GCC_WARN_UNDECLARED_SELECTOR = YES;
				GCC_WARN_UNINITIALIZED_AUTOS = YES_AGGRESSIVE;
				GCC_WARN_UNUSED_FUNCTION = YES;
				GCC_WARN_UNUSED_VARIABLE = YES;
				IPHONEOS_DEPLOYMENT_TARGET = 14.0;
				MTL_ENABLE_DEBUG_INFO = NO;
				MTL_FAST_MATH = YES;
				SDKROOT = iphoneos;
				SWIFT_COMPILATION_MODE = wholemodule;
				SWIFT_OPTIMIZATION_LEVEL = "-O";
				VALIDATE_PRODUCT = YES;
			};
			name = Release;
		};
		930EA487251AA18A00D84107 /* Debug */ = {
			isa = XCBuildConfiguration;
			buildSettings = {
				ASSETCATALOG_COMPILER_APPICON_NAME = AppIcon;
				ASSETCATALOG_COMPILER_GLOBAL_ACCENT_COLOR_NAME = AccentColor;
				CODE_SIGN_STYLE = Automatic;
				DEVELOPMENT_TEAM = 38K5BZ3DB6;
				INFOPLIST_FILE = Udder/Info.plist;
				LD_RUNPATH_SEARCH_PATHS = (
					"$(inherited)",
					"@executable_path/Frameworks",
				);
				PRODUCT_BUNDLE_IDENTIFIER = com.grantcarelse.Udder;
				PRODUCT_NAME = "$(TARGET_NAME)";
				SWIFT_VERSION = 5.0;
				TARGETED_DEVICE_FAMILY = "1,2";
			};
			name = Debug;
		};
		930EA488251AA18A00D84107 /* Release */ = {
			isa = XCBuildConfiguration;
			buildSettings = {
				ASSETCATALOG_COMPILER_APPICON_NAME = AppIcon;
				ASSETCATALOG_COMPILER_GLOBAL_ACCENT_COLOR_NAME = AccentColor;
				CODE_SIGN_STYLE = Automatic;
				DEVELOPMENT_TEAM = 38K5BZ3DB6;
				INFOPLIST_FILE = Udder/Info.plist;
				LD_RUNPATH_SEARCH_PATHS = (
					"$(inherited)",
					"@executable_path/Frameworks",
				);
				PRODUCT_BUNDLE_IDENTIFIER = com.grantcarelse.Udder;
				PRODUCT_NAME = "$(TARGET_NAME)";
				SWIFT_VERSION = 5.0;
				TARGETED_DEVICE_FAMILY = "1,2";
			};
			name = Release;
		};
		930EA48A251AA18A00D84107 /* Debug */ = {
			isa = XCBuildConfiguration;
			buildSettings = {
				ALWAYS_EMBED_SWIFT_STANDARD_LIBRARIES = YES;
				BUNDLE_LOADER = "$(TEST_HOST)";
				CODE_SIGN_STYLE = Automatic;
				DEVELOPMENT_TEAM = 38K5BZ3DB6;
				INFOPLIST_FILE = UdderTests/Info.plist;
				IPHONEOS_DEPLOYMENT_TARGET = 14.0;
				LD_RUNPATH_SEARCH_PATHS = (
					"$(inherited)",
					"@executable_path/Frameworks",
					"@loader_path/Frameworks",
				);
				PRODUCT_BUNDLE_IDENTIFIER = com.grantcarelse.UdderTests;
				PRODUCT_NAME = "$(TARGET_NAME)";
				SWIFT_VERSION = 5.0;
				TARGETED_DEVICE_FAMILY = "1,2";
				TEST_HOST = "$(BUILT_PRODUCTS_DIR)/Udder.app/Udder";
			};
			name = Debug;
		};
		930EA48B251AA18A00D84107 /* Release */ = {
			isa = XCBuildConfiguration;
			buildSettings = {
				ALWAYS_EMBED_SWIFT_STANDARD_LIBRARIES = YES;
				BUNDLE_LOADER = "$(TEST_HOST)";
				CODE_SIGN_STYLE = Automatic;
				DEVELOPMENT_TEAM = 38K5BZ3DB6;
				INFOPLIST_FILE = UdderTests/Info.plist;
				IPHONEOS_DEPLOYMENT_TARGET = 14.0;
				LD_RUNPATH_SEARCH_PATHS = (
					"$(inherited)",
					"@executable_path/Frameworks",
					"@loader_path/Frameworks",
				);
				PRODUCT_BUNDLE_IDENTIFIER = com.grantcarelse.UdderTests;
				PRODUCT_NAME = "$(TARGET_NAME)";
				SWIFT_VERSION = 5.0;
				TARGETED_DEVICE_FAMILY = "1,2";
				TEST_HOST = "$(BUILT_PRODUCTS_DIR)/Udder.app/Udder";
			};
			name = Release;
		};
		930EA48D251AA18A00D84107 /* Debug */ = {
			isa = XCBuildConfiguration;
			buildSettings = {
				ALWAYS_EMBED_SWIFT_STANDARD_LIBRARIES = YES;
				CODE_SIGN_STYLE = Automatic;
				DEVELOPMENT_TEAM = 38K5BZ3DB6;
				INFOPLIST_FILE = UdderUITests/Info.plist;
				LD_RUNPATH_SEARCH_PATHS = (
					"$(inherited)",
					"@executable_path/Frameworks",
					"@loader_path/Frameworks",
				);
				PRODUCT_BUNDLE_IDENTIFIER = com.grantcarelse.UdderUITests;
				PRODUCT_NAME = "$(TARGET_NAME)";
				SWIFT_VERSION = 5.0;
				TARGETED_DEVICE_FAMILY = "1,2";
				TEST_TARGET_NAME = Udder;
			};
			name = Debug;
		};
		930EA48E251AA18A00D84107 /* Release */ = {
			isa = XCBuildConfiguration;
			buildSettings = {
				ALWAYS_EMBED_SWIFT_STANDARD_LIBRARIES = YES;
				CODE_SIGN_STYLE = Automatic;
				DEVELOPMENT_TEAM = 38K5BZ3DB6;
				INFOPLIST_FILE = UdderUITests/Info.plist;
				LD_RUNPATH_SEARCH_PATHS = (
					"$(inherited)",
					"@executable_path/Frameworks",
					"@loader_path/Frameworks",
				);
				PRODUCT_BUNDLE_IDENTIFIER = com.grantcarelse.UdderUITests;
				PRODUCT_NAME = "$(TARGET_NAME)";
				SWIFT_VERSION = 5.0;
				TARGETED_DEVICE_FAMILY = "1,2";
				TEST_TARGET_NAME = Udder;
			};
			name = Release;
		};
/* End XCBuildConfiguration section */

/* Begin XCConfigurationList section */
		930EA457251AA18700D84107 /* Build configuration list for PBXProject "Udder" */ = {
			isa = XCConfigurationList;
			buildConfigurations = (
				930EA484251AA18A00D84107 /* Debug */,
				930EA485251AA18A00D84107 /* Release */,
			);
			defaultConfigurationIsVisible = 0;
			defaultConfigurationName = Release;
		};
		930EA486251AA18A00D84107 /* Build configuration list for PBXNativeTarget "Udder" */ = {
			isa = XCConfigurationList;
			buildConfigurations = (
				930EA487251AA18A00D84107 /* Debug */,
				930EA488251AA18A00D84107 /* Release */,
			);
			defaultConfigurationIsVisible = 0;
			defaultConfigurationName = Release;
		};
		930EA489251AA18A00D84107 /* Build configuration list for PBXNativeTarget "UdderTests" */ = {
			isa = XCConfigurationList;
			buildConfigurations = (
				930EA48A251AA18A00D84107 /* Debug */,
				930EA48B251AA18A00D84107 /* Release */,
			);
			defaultConfigurationIsVisible = 0;
			defaultConfigurationName = Release;
		};
		930EA48C251AA18A00D84107 /* Build configuration list for PBXNativeTarget "UdderUITests" */ = {
			isa = XCConfigurationList;
			buildConfigurations = (
				930EA48D251AA18A00D84107 /* Debug */,
				930EA48E251AA18A00D84107 /* Release */,
			);
			defaultConfigurationIsVisible = 0;
			defaultConfigurationName = Release;
		};
/* End XCConfigurationList section */
	};
	rootObject = 930EA454251AA18700D84107 /* Project object */;
}
